
Microsoft Visual Studio Solution File, Format Version 12.00
# Visual Studio Version 17
VisualStudioVersion = 17.3.32929.385
MinimumVisualStudioVersion = 10.0.40219.1
Project("{FAE04EC0-301F-11D3-BF4B-00C04F79EFBC}") = "MethodOverrideDemo", "MethodOverrideDemo\MethodOverrideDemo.csproj", "{FE46623E-EE8C-41E0-86F2-2651F7054CFA}"
EndProject
Global
	GlobalSection(SolutionConfigurationPlatforms) = preSolution
		Debug|Any CPU = Debug|Any CPU
		Release|Any CPU = Release|Any CPU
	EndGlobalSection
	GlobalSection(ProjectConfigurationPlatforms) = postSolution
		{FE46623E-EE8C-41E0-86F2-2651F7054CFA}.Debug|Any CPU.ActiveCfg = Debug|Any CPU
		{FE46623E-EE8C-41E0-86F2-2651F7054CFA}.Debug|Any CPU.Build.0 = Debug|Any CPU
		{FE46623E-EE8C-41E0-86F2-2651F7054CFA}.Release|Any CPU.ActiveCfg = Release|Any CPU
		{FE46623E-EE8C-41E0-86F2-2651F7054CFA}.Release|Any CPU.Build.0 = Release|Any CPU
	EndGlobalSection
	GlobalSection(SolutionProperties) = preSolution
		HideSolutionNode = FALSE
	EndGlobalSection
	GlobalSection(ExtensibilityGlobals) = postSolution
		SolutionGuid = {75208E3D-5A96-4307-BC62-6C4E25BC91D9}
	EndGlobalSection
EndGlobal
